
Microsoft Visual Studio Solution File, Format Version 12.00
# Visual Studio 15
VisualStudioVersion = 15.0.28010.2003
MinimumVisualStudioVersion = 10.0.40219.1
Project("{FAE04EC0-301F-11D3-BF4B-00C04F79EFBC}") = "Client", "Client\Client.csproj", "{30F1939B-C26B-4805-915F-3D916A7B0677}"
EndProject
Global
	GlobalSection(SolutionConfigurationPlatforms) = preSolution
		Debug|Any CPU = Debug|Any CPU
		Release|Any CPU = Release|Any CPU
	EndGlobalSection
	GlobalSection(ProjectConfigurationPlatforms) = postSolution
		{30F1939B-C26B-4805-915F-3D916A7B0677}.Debug|Any CPU.ActiveCfg = Debug|Any CPU
		{30F1939B-C26B-4805-915F-3D916A7B0677}.Debug|Any CPU.Build.0 = Debug|Any CPU
		{30F1939B-C26B-4805-915F-3D916A7B0677}.Release|Any CPU.ActiveCfg = Release|Any CPU
		{30F1939B-C26B-4805-915F-3D916A7B0677}.Release|Any CPU.Build.0 = Release|Any CPU
	EndGlobalSection
	GlobalSection(SolutionProperties) = preSolution
		HideSolutionNode = FALSE
	EndGlobalSection
	GlobalSection(ExtensibilityGlobals) = postSolution
		SolutionGuid = {9BFFB916-8C3E-4D8F-B9E5-22E082F0C776}
	EndGlobalSection
EndGlobal
